
Microsoft Visual Studio Solution File, Format Version 12.00
# Visual Studio 15
VisualStudioVersion = 15.0.28010.2048
MinimumVisualStudioVersion = 10.0.40219.1
Project("{FAE04EC0-301F-11D3-BF4B-00C04F79EFBC}") = "Runbook_template", "Runbook_template\Runbook_template.csproj", "{8042CA10-A29B-421B-AA0B-3D73ED5DD3E4}"
EndProject
Project("{FAE04EC0-301F-11D3-BF4B-00C04F79EFBC}") = "Web_test", "Web_test\Web_test.csproj", "{C24A851F-97B8-4701-9AC4-2F6443C8E0E2}"
EndProject
Global
	GlobalSection(SolutionConfigurationPlatforms) = preSolution
		Debug|Any CPU = Debug|Any CPU
		Release|Any CPU = Release|Any CPU
	EndGlobalSection
	GlobalSection(ProjectConfigurationPlatforms) = postSolution
		{8042CA10-A29B-421B-AA0B-3D73ED5DD3E4}.Debug|Any CPU.ActiveCfg = Debug|Any CPU
		{8042CA10-A29B-421B-AA0B-3D73ED5DD3E4}.Debug|Any CPU.Build.0 = Debug|Any CPU
		{8042CA10-A29B-421B-AA0B-3D73ED5DD3E4}.Release|Any CPU.ActiveCfg = Release|Any CPU
		{8042CA10-A29B-421B-AA0B-3D73ED5DD3E4}.Release|Any CPU.Build.0 = Release|Any CPU
		{C24A851F-97B8-4701-9AC4-2F6443C8E0E2}.Debug|Any CPU.ActiveCfg = Debug|Any CPU
		{C24A851F-97B8-4701-9AC4-2F6443C8E0E2}.Debug|Any CPU.Build.0 = Debug|Any CPU
		{C24A851F-97B8-4701-9AC4-2F6443C8E0E2}.Release|Any CPU.ActiveCfg = Release|Any CPU
		{C24A851F-97B8-4701-9AC4-2F6443C8E0E2}.Release|Any CPU.Build.0 = Release|Any CPU
	EndGlobalSection
	GlobalSection(SolutionProperties) = preSolution
		HideSolutionNode = FALSE
	EndGlobalSection
	GlobalSection(ExtensibilityGlobals) = postSolution
		SolutionGuid = {1F288EE5-954A-47EE-B904-EEF62988AC19}
	EndGlobalSection
EndGlobal
