
Microsoft Visual Studio Solution File, Format Version 12.00
# Visual Studio Version 16
VisualStudioVersion = 16.0.31702.278
MinimumVisualStudioVersion = 10.0.40219.1
Project("{FAE04EC0-301F-11D3-BF4B-00C04F79EFBC}") = "ServicePlatformen_CPR_1", "ServicePlatformen_CPR_1\ServicePlatformen_CPR_1.csproj", "{1A5FD1BF-0AE7-444A-8841-6FC0C80318CA}"
EndProject
Global
	GlobalSection(SolutionConfigurationPlatforms) = preSolution
		Debug|Any CPU = Debug|Any CPU
		Release|Any CPU = Release|Any CPU
	EndGlobalSection
	GlobalSection(ProjectConfigurationPlatforms) = postSolution
		{1A5FD1BF-0AE7-444A-8841-6FC0C80318CA}.Debug|Any CPU.ActiveCfg = Debug|Any CPU
		{1A5FD1BF-0AE7-444A-8841-6FC0C80318CA}.Debug|Any CPU.Build.0 = Debug|Any CPU
		{1A5FD1BF-0AE7-444A-8841-6FC0C80318CA}.Release|Any CPU.ActiveCfg = Release|Any CPU
		{1A5FD1BF-0AE7-444A-8841-6FC0C80318CA}.Release|Any CPU.Build.0 = Release|Any CPU
	EndGlobalSection
	GlobalSection(SolutionProperties) = preSolution
		HideSolutionNode = FALSE
	EndGlobalSection
	GlobalSection(ExtensibilityGlobals) = postSolution
		SolutionGuid = {6F62ECDF-DA5E-4C71-AB65-D3F8C86C79B3}
	EndGlobalSection
EndGlobal
